
Microsoft Visual Studio Solution File, Format Version 12.00
# Visual Studio 15
VisualStudioVersion = 15.0.26124.0
MinimumVisualStudioVersion = 15.0.26124.0
Project("{2150E333-8FDC-42A3-9474-1A3956D46DE8}") = "src", "src", "{C307E17F-AD4F-45BC-8BE8-12D1CF900290}"
EndProject
Project("{FAE04EC0-301F-11D3-BF4B-00C04F79EFBC}") = "MeetingTimeFinderApp", "src\MeetingTimeFinderApp\MeetingTimeFinderApp.csproj", "{F57046B2-E476-4EE3-A0CA-E7BCF8FEB40F}"
EndProject
Project("{FAE04EC0-301F-11D3-BF4B-00C04F79EFBC}") = "MeetingTimeFinder", "src\MeetingTimeFinder\MeetingTimeFinder.csproj", "{1A017850-66D3-4BEC-9044-09DEDAA87010}"
EndProject
Project("{FAE04EC0-301F-11D3-BF4B-00C04F79EFBC}") = "MeetingTimeFinder.Tests", "src\MeetingTimeFinder.Tests\MeetingTimeFinder.Tests.csproj", "{E6993802-B76A-48AF-AF4E-ACAB0BCEE99E}"
EndProject
Global
	GlobalSection(SolutionConfigurationPlatforms) = preSolution
		Debug|Any CPU = Debug|Any CPU
		Debug|x64 = Debug|x64
		Debug|x86 = Debug|x86
		Release|Any CPU = Release|Any CPU
		Release|x64 = Release|x64
		Release|x86 = Release|x86
	EndGlobalSection
	GlobalSection(SolutionProperties) = preSolution
		HideSolutionNode = FALSE
	EndGlobalSection
	GlobalSection(ProjectConfigurationPlatforms) = postSolution
		{F57046B2-E476-4EE3-A0CA-E7BCF8FEB40F}.Debug|Any CPU.ActiveCfg = Debug|Any CPU
		{F57046B2-E476-4EE3-A0CA-E7BCF8FEB40F}.Debug|Any CPU.Build.0 = Debug|Any CPU
		{F57046B2-E476-4EE3-A0CA-E7BCF8FEB40F}.Debug|x64.ActiveCfg = Debug|Any CPU
		{F57046B2-E476-4EE3-A0CA-E7BCF8FEB40F}.Debug|x64.Build.0 = Debug|Any CPU
		{F57046B2-E476-4EE3-A0CA-E7BCF8FEB40F}.Debug|x86.ActiveCfg = Debug|Any CPU
		{F57046B2-E476-4EE3-A0CA-E7BCF8FEB40F}.Debug|x86.Build.0 = Debug|Any CPU
		{F57046B2-E476-4EE3-A0CA-E7BCF8FEB40F}.Release|Any CPU.ActiveCfg = Release|Any CPU
		{F57046B2-E476-4EE3-A0CA-E7BCF8FEB40F}.Release|Any CPU.Build.0 = Release|Any CPU
		{F57046B2-E476-4EE3-A0CA-E7BCF8FEB40F}.Release|x64.ActiveCfg = Release|Any CPU
		{F57046B2-E476-4EE3-A0CA-E7BCF8FEB40F}.Release|x64.Build.0 = Release|Any CPU
		{F57046B2-E476-4EE3-A0CA-E7BCF8FEB40F}.Release|x86.ActiveCfg = Release|Any CPU
		{F57046B2-E476-4EE3-A0CA-E7BCF8FEB40F}.Release|x86.Build.0 = Release|Any CPU
		{1A017850-66D3-4BEC-9044-09DEDAA87010}.Debug|Any CPU.ActiveCfg = Debug|Any CPU
		{1A017850-66D3-4BEC-9044-09DEDAA87010}.Debug|Any CPU.Build.0 = Debug|Any CPU
		{1A017850-66D3-4BEC-9044-09DEDAA87010}.Debug|x64.ActiveCfg = Debug|Any CPU
		{1A017850-66D3-4BEC-9044-09DEDAA87010}.Debug|x64.Build.0 = Debug|Any CPU
		{1A017850-66D3-4BEC-9044-09DEDAA87010}.Debug|x86.ActiveCfg = Debug|Any CPU
		{1A017850-66D3-4BEC-9044-09DEDAA87010}.Debug|x86.Build.0 = Debug|Any CPU
		{1A017850-66D3-4BEC-9044-09DEDAA87010}.Release|Any CPU.ActiveCfg = Release|Any CPU
		{1A017850-66D3-4BEC-9044-09DEDAA87010}.Release|Any CPU.Build.0 = Release|Any CPU
		{1A017850-66D3-4BEC-9044-09DEDAA87010}.Release|x64.ActiveCfg = Release|Any CPU
		{1A017850-66D3-4BEC-9044-09DEDAA87010}.Release|x64.Build.0 = Release|Any CPU
		{1A017850-66D3-4BEC-9044-09DEDAA87010}.Release|x86.ActiveCfg = Release|Any CPU
		{1A017850-66D3-4BEC-9044-09DEDAA87010}.Release|x86.Build.0 = Release|Any CPU
		{E6993802-B76A-48AF-AF4E-ACAB0BCEE99E}.Debug|Any CPU.ActiveCfg = Debug|Any CPU
		{E6993802-B76A-48AF-AF4E-ACAB0BCEE99E}.Debug|Any CPU.Build.0 = Debug|Any CPU
		{E6993802-B76A-48AF-AF4E-ACAB0BCEE99E}.Debug|x64.ActiveCfg = Debug|Any CPU
		{E6993802-B76A-48AF-AF4E-ACAB0BCEE99E}.Debug|x64.Build.0 = Debug|Any CPU
		{E6993802-B76A-48AF-AF4E-ACAB0BCEE99E}.Debug|x86.ActiveCfg = Debug|Any CPU
		{E6993802-B76A-48AF-AF4E-ACAB0BCEE99E}.Debug|x86.Build.0 = Debug|Any CPU
		{E6993802-B76A-48AF-AF4E-ACAB0BCEE99E}.Release|Any CPU.ActiveCfg = Release|Any CPU
		{E6993802-B76A-48AF-AF4E-ACAB0BCEE99E}.Release|Any CPU.Build.0 = Release|Any CPU
		{E6993802-B76A-48AF-AF4E-ACAB0BCEE99E}.Release|x64.ActiveCfg = Release|Any CPU
		{E6993802-B76A-48AF-AF4E-ACAB0BCEE99E}.Release|x64.Build.0 = Release|Any CPU
		{E6993802-B76A-48AF-AF4E-ACAB0BCEE99E}.Release|x86.ActiveCfg = Release|Any CPU
		{E6993802-B76A-48AF-AF4E-ACAB0BCEE99E}.Release|x86.Build.0 = Release|Any CPU
	EndGlobalSection
	GlobalSection(NestedProjects) = preSolution
		{F57046B2-E476-4EE3-A0CA-E7BCF8FEB40F} = {C307E17F-AD4F-45BC-8BE8-12D1CF900290}
		{1A017850-66D3-4BEC-9044-09DEDAA87010} = {C307E17F-AD4F-45BC-8BE8-12D1CF900290}
		{E6993802-B76A-48AF-AF4E-ACAB0BCEE99E} = {C307E17F-AD4F-45BC-8BE8-12D1CF900290}
	EndGlobalSection
EndGlobal
